// !$*UTF8*$!
{
	archiveVersion = 1;
	classes = {
	};
	objectVersion = 51;
	objects = {

/* Begin PBXBuildFile section */
		290365DD22548B9C0087AE35 /* BSHomeSubController.swift in Sources */ = {isa = PBXBuildFile; fileRef = 290365DC22548B9C0087AE35 /* BSHomeSubController.swift */; };
		290365DF22548BD30087AE35 /* BSHomeContentView.swift in Sources */ = {isa = PBXBuildFile; fileRef = 290365DE22548BD30087AE35 /* BSHomeContentView.swift */; };
		290365E32254A4440087AE35 /* BSNetworkTool.swift in Sources */ = {isa = PBXBuildFile; fileRef = 290365E22254A4440087AE35 /* BSNetworkTool.swift */; };
		290365E62254BC650087AE35 /* BSHomeViewModel.swift in Sources */ = {isa = PBXBuildFile; fileRef = 290365E52254BC650087AE35 /* BSHomeViewModel.swift */; };
		292F9C59225C9C8F00FAA800 /* BSHomeSubViewModel.swift in Sources */ = {isa = PBXBuildFile; fileRef = 292F9C58225C9C8F00FAA800 /* BSHomeSubViewModel.swift */; };
		292F9C5C225CA3A900FAA800 /* BSHomeSubCell.swift in Sources */ = {isa = PBXBuildFile; fileRef = 292F9C5B225CA3A900FAA800 /* BSHomeSubCell.swift */; };
		292F9C5E225D9BFF00FAA800 /* BSHomeSubModel.swift in Sources */ = {isa = PBXBuildFile; fileRef = 292F9C5D225D9BFF00FAA800 /* BSHomeSubModel.swift */; };
		29F9A0B62253373300879E51 /* AppDelegate.swift in Sources */ = {isa = PBXBuildFile; fileRef = 29F9A0B52253373300879E51 /* AppDelegate.swift */; };
		29F9A0BD2253373400879E51 /* Assets.xcassets in Resources */ = {isa = PBXBuildFile; fileRef = 29F9A0BC2253373400879E51 /* Assets.xcassets */; };
		29F9A0C02253373400879E51 /* LaunchScreen.storyboard in Resources */ = {isa = PBXBuildFile; fileRef = 29F9A0BE2253373400879E51 /* LaunchScreen.storyboard */; };
		29F9A0D522533BE700879E51 /* BSTabBarController.swift in Sources */ = {isa = PBXBuildFile; fileRef = 29F9A0D422533BE700879E51 /* BSTabBarController.swift */; };
		29F9A0E32253410300879E51 /* BSMineController.swift in Sources */ = {isa = PBXBuildFile; fileRef = 29F9A0E22253410300879E51 /* BSMineController.swift */; };
		29F9A0E52253412000879E51 /* BSAttentionController.swift in Sources */ = {isa = PBXBuildFile; fileRef = 29F9A0E42253412000879E51 /* BSAttentionController.swift */; };
		29F9A0E72253414000879E51 /* BSCommunityController.swift in Sources */ = {isa = PBXBuildFile; fileRef = 29F9A0E62253414000879E51 /* BSCommunityController.swift */; };
		29F9A0E92253416300879E51 /* BSHomeController.swift in Sources */ = {isa = PBXBuildFile; fileRef = 29F9A0E82253416300879E51 /* BSHomeController.swift */; };
		29F9A0EB225352DF00879E51 /* BSBaseController.swift in Sources */ = {isa = PBXBuildFile; fileRef = 29F9A0EA225352DF00879E51 /* BSBaseController.swift */; };
		29F9A0ED2253564900879E51 /* BSPublicExtension.swift in Sources */ = {isa = PBXBuildFile; fileRef = 29F9A0EC2253564900879E51 /* BSPublicExtension.swift */; };
		29F9A0F12253578D00879E51 /* BSPublishController.swift in Sources */ = {isa = PBXBuildFile; fileRef = 29F9A0F02253578D00879E51 /* BSPublishController.swift */; };
		29F9A0F32253580800879E51 /* BSMainTabBar.swift in Sources */ = {isa = PBXBuildFile; fileRef = 29F9A0F22253580800879E51 /* BSMainTabBar.swift */; };
		29F9A0F5225446AC00879E51 /* BSHomeTitleView.swift in Sources */ = {isa = PBXBuildFile; fileRef = 29F9A0F4225446AC00879E51 /* BSHomeTitleView.swift */; };
		FB1B0CB9DD72E0CE3C9E807E /* Pods_BaiSi.framework in Frameworks */ = {isa = PBXBuildFile; fileRef = D64BF8C03FDB959C8A712AF9 /* Pods_BaiSi.framework */; };
/* End PBXBuildFile section */

/* Begin PBXFileReference section */
		290365DC22548B9C0087AE35 /* BSHomeSubController.swift */ = {isa = PBXFileReference; lastKnownFileType = sourcecode.swift; path = BSHomeSubController.swift; sourceTree = "<group>"; };
		290365DE22548BD30087AE35 /* BSHomeContentView.swift */ = {isa = PBXFileReference; lastKnownFileType = sourcecode.swift; path = BSHomeContentView.swift; sourceTree = "<group>"; };
		290365E22254A4440087AE35 /* BSNetworkTool.swift */ = {isa = PBXFileReference; lastKnownFileType = sourcecode.swift; path = BSNetworkTool.swift; sourceTree = "<group>"; };
		290365E52254BC650087AE35 /* BSHomeViewModel.swift */ = {isa = PBXFileReference; lastKnownFileType = sourcecode.swift; path = BSHomeViewModel.swift; sourceTree = "<group>"; };
		292F9C58225C9C8F00FAA800 /* BSHomeSubViewModel.swift */ = {isa = PBXFileReference; lastKnownFileType = sourcecode.swift; path = BSHomeSubViewModel.swift; sourceTree = "<group>"; };
		292F9C5B225CA3A900FAA800 /* BSHomeSubCell.swift */ = {isa = PBXFileReference; lastKnownFileType = sourcecode.swift; path = BSHomeSubCell.swift; sourceTree = "<group>"; };
		292F9C5D225D9BFF00FAA800 /* BSHomeSubModel.swift */ = {isa = PBXFileReference; lastKnownFileType = sourcecode.swift; path = BSHomeSubModel.swift; sourceTree = "<group>"; };
		29F9A0B22253373300879E51 /* BaiSi.app */ = {isa = PBXFileReference; explicitFileType = wrapper.application; includeInIndex = 0; path = BaiSi.app; sourceTree = BUILT_PRODUCTS_DIR; };
		29F9A0B52253373300879E51 /* AppDelegate.swift */ = {isa = PBXFileReference; lastKnownFileType = sourcecode.swift; path = AppDelegate.swift; sourceTree = "<group>"; };
		29F9A0BC2253373400879E51 /* Assets.xcassets */ = {isa = PBXFileReference; lastKnownFileType = folder.assetcatalog; path = Assets.xcassets; sourceTree = "<group>"; };
		29F9A0BF2253373400879E51 /* Base */ = {isa = PBXFileReference; lastKnownFileType = file.storyboard; name = Base; path = Base.lproj/LaunchScreen.storyboard; sourceTree = "<group>"; };
		29F9A0C12253373400879E51 /* Info.plist */ = {isa = PBXFileReference; lastKnownFileType = text.plist.xml; path = Info.plist; sourceTree = "<group>"; };
		29F9A0D422533BE700879E51 /* BSTabBarController.swift */ = {isa = PBXFileReference; lastKnownFileType = sourcecode.swift; path = BSTabBarController.swift; sourceTree = "<group>"; };
		29F9A0E22253410300879E51 /* BSMineController.swift */ = {isa = PBXFileReference; lastKnownFileType = sourcecode.swift; path = BSMineController.swift; sourceTree = "<group>"; };
		29F9A0E42253412000879E51 /* BSAttentionController.swift */ = {isa = PBXFileReference; lastKnownFileType = sourcecode.swift; path = BSAttentionController.swift; sourceTree = "<group>"; };
		29F9A0E62253414000879E51 /* BSCommunityController.swift */ = {isa = PBXFileReference; lastKnownFileType = sourcecode.swift; path = BSCommunityController.swift; sourceTree = "<group>"; };
		29F9A0E82253416300879E51 /* BSHomeController.swift */ = {isa = PBXFileReference; lastKnownFileType = sourcecode.swift; path = BSHomeController.swift; sourceTree = "<group>"; };
		29F9A0EA225352DF00879E51 /* BSBaseController.swift */ = {isa = PBXFileReference; lastKnownFileType = sourcecode.swift; path = BSBaseController.swift; sourceTree = "<group>"; };
		29F9A0EC2253564900879E51 /* BSPublicExtension.swift */ = {isa = PBXFileReference; lastKnownFileType = sourcecode.swift; path = BSPublicExtension.swift; sourceTree = "<group>"; };
		29F9A0F02253578D00879E51 /* BSPublishController.swift */ = {isa = PBXFileReference; lastKnownFileType = sourcecode.swift; path = BSPublishController.swift; sourceTree = "<group>"; };
		29F9A0F22253580800879E51 /* BSMainTabBar.swift */ = {isa = PBXFileReference; lastKnownFileType = sourcecode.swift; path = BSMainTabBar.swift; sourceTree = "<group>"; };
		29F9A0F4225446AC00879E51 /* BSHomeTitleView.swift */ = {isa = PBXFileReference; lastKnownFileType = sourcecode.swift; path = BSHomeTitleView.swift; sourceTree = "<group>"; };
		303F52AA7B0D7CB82041C7B5 /* Pods-BaiSi.debug.xcconfig */ = {isa = PBXFileReference; includeInIndex = 1; lastKnownFileType = text.xcconfig; name = "Pods-BaiSi.debug.xcconfig"; path = "Pods/Target Support Files/Pods-BaiSi/Pods-BaiSi.debug.xcconfig"; sourceTree = "<group>"; };
		9335DD779F3DEC0236A62944 /* Pods-BaiSi.release.xcconfig */ = {isa = PBXFileReference; includeInIndex = 1; lastKnownFileType = text.xcconfig; name = "Pods-BaiSi.release.xcconfig"; path = "Pods/Target Support Files/Pods-BaiSi/Pods-BaiSi.release.xcconfig"; sourceTree = "<group>"; };
		D64BF8C03FDB959C8A712AF9 /* Pods_BaiSi.framework */ = {isa = PBXFileReference; explicitFileType = wrapper.framework; includeInIndex = 0; path = Pods_BaiSi.framework; sourceTree = BUILT_PRODUCTS_DIR; };
/* End PBXFileReference section */

/* Begin PBXFrameworksBuildPhase section */
		29F9A0AF2253373300879E51 /* Frameworks */ = {
			isa = PBXFrameworksBuildPhase;
			buildActionMask = 2147483647;
			files = (
				FB1B0CB9DD72E0CE3C9E807E /* Pods_BaiSi.framework in Frameworks */,
			);
			runOnlyForDeploymentPostprocessing = 0;
		};
/* End PBXFrameworksBuildPhase section */

/* Begin PBXGroup section */
		290365DB22548B330087AE35 /* SubController */ = {
			isa = PBXGroup;
			children = (
				290365DC22548B9C0087AE35 /* BSHomeSubController.swift */,
			);
			path = SubController;
			sourceTree = "<group>";
		};
		290365E42254BC430087AE35 /* ViewModel */ = {
			isa = PBXGroup;
			children = (
				290365E52254BC650087AE35 /* BSHomeViewModel.swift */,
				292F9C58225C9C8F00FAA800 /* BSHomeSubViewModel.swift */,
			);
			path = ViewModel;
			sourceTree = "<group>";
		};
		292F9C5A225CA30F00FAA800 /* Cell */ = {
			isa = PBXGroup;
			children = (
				292F9C5B225CA3A900FAA800 /* BSHomeSubCell.swift */,
			);
			path = Cell;
			sourceTree = "<group>";
		};
		29F9A0A92253373300879E51 = {
			isa = PBXGroup;
			children = (
				29F9A0B42253373300879E51 /* BaiSi */,
				29F9A0B32253373300879E51 /* Products */,
				7521C3253055DD5DF3B64109 /* Pods */,
				C403C78DE1F4421E68ED3512 /* Frameworks */,
			);
			sourceTree = "<group>";
		};
		29F9A0B32253373300879E51 /* Products */ = {
			isa = PBXGroup;
			children = (
				29F9A0B22253373300879E51 /* BaiSi.app */,
			);
			name = Products;
			sourceTree = "<group>";
		};
		29F9A0B42253373300879E51 /* BaiSi */ = {
			isa = PBXGroup;
			children = (
				29F9A0C822533A4C00879E51 /* Class */,
				29F9A0BC2253373400879E51 /* Assets.xcassets */,
				29F9A0BE2253373400879E51 /* LaunchScreen.storyboard */,
				29F9A0C12253373400879E51 /* Info.plist */,
			);
			path = BaiSi;
			sourceTree = "<group>";
		};
		29F9A0C822533A4C00879E51 /* Class */ = {
			isa = PBXGroup;
			children = (
				29F9A0EE2253574400879E51 /* Publish */,
				29F9A0CE22533B1A00879E51 /* Mine */,
				29F9A0CD22533B0E00879E51 /* Attention */,
				29F9A0CC22533AD800879E51 /* Community */,
				29F9A0CB22533ACD00879E51 /* Home */,
				29F9A0CA22533AA200879E51 /* Utils */,
				29F9A0C922533A5600879E51 /* Main */,
			);
			path = Class;
			sourceTree = "<group>";
		};
		29F9A0C922533A5600879E51 /* Main */ = {
			isa = PBXGroup;
			children = (
				29F9A0D322533B5A00879E51 /* Other */,
				29F9A0D222533B5000879E51 /* ViewModel */,
				29F9A0D122533B4A00879E51 /* Model */,
				29F9A0D022533B4300879E51 /* View */,
				29F9A0CF22533B3700879E51 /* Controller */,
			);
			path = Main;
			sourceTree = "<group>";
		};
		29F9A0CA22533AA200879E51 /* Utils */ = {
			isa = PBXGroup;
			children = (
				29F9A0EC2253564900879E51 /* BSPublicExtension.swift */,
				290365E22254A4440087AE35 /* BSNetworkTool.swift */,
			);
			path = Utils;
			sourceTree = "<group>";
		};
		29F9A0CB22533ACD00879E51 /* Home */ = {
			isa = PBXGroup;
			children = (
				290365E42254BC430087AE35 /* ViewModel */,
				29F9A0E1225340CC00879E51 /* Model */,
				29F9A0DD225340B400879E51 /* View */,
				29F9A0D9225340A100879E51 /* Controller */,
			);
			path = Home;
			sourceTree = "<group>";
		};
		29F9A0CC22533AD800879E51 /* Community */ = {
			isa = PBXGroup;
			children = (
				29F9A0E0225340C700879E51 /* Model */,
				29F9A0DC225340B000879E51 /* View */,
				29F9A0D82253409E00879E51 /* Controller */,
			);
			path = Community;
			sourceTree = "<group>";
		};
		29F9A0CD22533B0E00879E51 /* Attention */ = {
			isa = PBXGroup;
			children = (
				29F9A0DF225340C200879E51 /* Model */,
				29F9A0DB225340AC00879E51 /* View */,
				29F9A0D72253409B00879E51 /* Controller */,
			);
			path = Attention;
			sourceTree = "<group>";
		};
		29F9A0CE22533B1A00879E51 /* Mine */ = {
			isa = PBXGroup;
			children = (
				29F9A0DE225340BE00879E51 /* Model */,
				29F9A0DA225340A600879E51 /* View */,
				29F9A0D62253408D00879E51 /* Controller */,
			);
			path = Mine;
			sourceTree = "<group>";
		};
		29F9A0CF22533B3700879E51 /* Controller */ = {
			isa = PBXGroup;
			children = (
				29F9A0D422533BE700879E51 /* BSTabBarController.swift */,
				29F9A0EA225352DF00879E51 /* BSBaseController.swift */,
			);
			path = Controller;
			sourceTree = "<group>";
		};
		29F9A0D022533B4300879E51 /* View */ = {
			isa = PBXGroup;
			children = (
				29F9A0F22253580800879E51 /* BSMainTabBar.swift */,
			);
			path = View;
			sourceTree = "<group>";
		};
		29F9A0D122533B4A00879E51 /* Model */ = {
			isa = PBXGroup;
			children = (
			);
			path = Model;
			sourceTree = "<group>";
		};
		29F9A0D222533B5000879E51 /* ViewModel */ = {
			isa = PBXGroup;
			children = (
			);
			path = ViewModel;
			sourceTree = "<group>";
		};
		29F9A0D322533B5A00879E51 /* Other */ = {
			isa = PBXGroup;
			children = (
				29F9A0B52253373300879E51 /* AppDelegate.swift */,
			);
			path = Other;
			sourceTree = "<group>";
		};
		29F9A0D62253408D00879E51 /* Controller */ = {
			isa = PBXGroup;
			children = (
				29F9A0E22253410300879E51 /* BSMineController.swift */,
			);
			path = Controller;
			sourceTree = "<group>";
		};
		29F9A0D72253409B00879E51 /* Controller */ = {
			isa = PBXGroup;
			children = (
				29F9A0E42253412000879E51 /* BSAttentionController.swift */,
			);
			path = Controller;
			sourceTree = "<group>";
		};
		29F9A0D82253409E00879E51 /* Controller */ = {
			isa = PBXGroup;
			children = (
				29F9A0E62253414000879E51 /* BSCommunityController.swift */,
			);
			path = Controller;
			sourceTree = "<group>";
		};
		29F9A0D9225340A100879E51 /* Controller */ = {
			isa = PBXGroup;
			children = (
				290365DB22548B330087AE35 /* SubController */,
				29F9A0E82253416300879E51 /* BSHomeController.swift */,
			);
			path = Controller;
			sourceTree = "<group>";
		};
		29F9A0DA225340A600879E51 /* View */ = {
			isa = PBXGroup;
			children = (
			);
			path = View;
			sourceTree = "<group>";
		};
		29F9A0DB225340AC00879E51 /* View */ = {
			isa = PBXGroup;
			children = (
			);
			path = View;
			sourceTree = "<group>";
		};
		29F9A0DC225340B000879E51 /* View */ = {
			isa = PBXGroup;
			children = (
			);
			path = View;
			sourceTree = "<group>";
		};
		29F9A0DD225340B400879E51 /* View */ = {
			isa = PBXGroup;
			children = (
				292F9C5A225CA30F00FAA800 /* Cell */,
				29F9A0F4225446AC00879E51 /* BSHomeTitleView.swift */,
				290365DE22548BD30087AE35 /* BSHomeContentView.swift */,
			);
			path = View;
			sourceTree = "<group>";
		};
		29F9A0DE225340BE00879E51 /* Model */ = {
			isa = PBXGroup;
			children = (
			);
			path = Model;
			sourceTree = "<group>";
		};
		29F9A0DF225340C200879E51 /* Model */ = {
			isa = PBXGroup;
			children = (
			);
			path = Model;
			sourceTree = "<group>";
		};
		29F9A0E0225340C700879E51 /* Model */ = {
			isa = PBXGroup;
			children = (
			);
			path = Model;
			sourceTree = "<group>";
		};
		29F9A0E1225340CC00879E51 /* Model */ = {
			isa = PBXGroup;
			children = (
				292F9C5D225D9BFF00FAA800 /* BSHomeSubModel.swift */,
			);
			path = Model;
			sourceTree = "<group>";
		};
		29F9A0EE2253574400879E51 /* Publish */ = {
			isa = PBXGroup;
			children = (
				29F9A0EF2253574C00879E51 /* Controller */,
			);
			path = Publish;
			sourceTree = "<group>";
		};
		29F9A0EF2253574C00879E51 /* Controller */ = {
			isa = PBXGroup;
			children = (
				29F9A0F02253578D00879E51 /* BSPublishController.swift */,
			);
			path = Controller;
			sourceTree = "<group>";
		};
		7521C3253055DD5DF3B64109 /* Pods */ = {
			isa = PBXGroup;
			children = (
				303F52AA7B0D7CB82041C7B5 /* Pods-BaiSi.debug.xcconfig */,
				9335DD779F3DEC0236A62944 /* Pods-BaiSi.release.xcconfig */,
			);
			name = Pods;
			sourceTree = "<group>";
		};
		C403C78DE1F4421E68ED3512 /* Frameworks */ = {
			isa = PBXGroup;
			children = (
				D64BF8C03FDB959C8A712AF9 /* Pods_BaiSi.framework */,
			);
			name = Frameworks;
			sourceTree = "<group>";
		};
/* End PBXGroup section */

/* Begin PBXNativeTarget section */
		29F9A0B12253373300879E51 /* BaiSi */ = {
			isa = PBXNativeTarget;
			buildConfigurationList = 29F9A0C42253373400879E51 /* Build configuration list for PBXNativeTarget "BaiSi" */;
			buildPhases = (
				EC6CD78247365C41F47CC10F /* [CP] Check Pods Manifest.lock */,
				29F9A0AE2253373300879E51 /* Sources */,
				29F9A0AF2253373300879E51 /* Frameworks */,
				29F9A0B02253373300879E51 /* Resources */,
				6733EE6DFDBE8859E9C1BC25 /* [CP] Embed Pods Frameworks */,
			);
			buildRules = (
			);
			dependencies = (
			);
			name = BaiSi;
			productName = BaiSi;
			productReference = 29F9A0B22253373300879E51 /* BaiSi.app */;
			productType = "com.apple.product-type.application";
		};
/* End PBXNativeTarget section */

/* Begin PBXProject section */
		29F9A0AA2253373300879E51 /* Project object */ = {
			isa = PBXProject;
			attributes = {
				CLASSPREFIX = BS;
				LastSwiftUpdateCheck = 1020;
				LastUpgradeCheck = 1020;
				ORGANIZATIONNAME = wzh;
				TargetAttributes = {
					29F9A0B12253373300879E51 = {
						CreatedOnToolsVersion = 10.2;
					};
				};
			};
			buildConfigurationList = 29F9A0AD2253373300879E51 /* Build configuration list for PBXProject "BaiSi" */;
			compatibilityVersion = "Xcode 10.0";
			developmentRegion = en;
			hasScannedForEncodings = 0;
			knownRegions = (
				en,
				Base,
			);
			mainGroup = 29F9A0A92253373300879E51;
			productRefGroup = 29F9A0B32253373300879E51 /* Products */;
			projectDirPath = "";
			projectRoot = "";
			targets = (
				29F9A0B12253373300879E51 /* BaiSi */,
			);
		};
/* End PBXProject section */

/* Begin PBXResourcesBuildPhase section */
		29F9A0B02253373300879E51 /* Resources */ = {
			isa = PBXResourcesBuildPhase;
			buildActionMask = 2147483647;
			files = (
				29F9A0C02253373400879E51 /* LaunchScreen.storyboard in Resources */,
				29F9A0BD2253373400879E51 /* Assets.xcassets in Resources */,
			);
			runOnlyForDeploymentPostprocessing = 0;
		};
/* End PBXResourcesBuildPhase section */

/* Begin PBXShellScriptBuildPhase section */
		6733EE6DFDBE8859E9C1BC25 /* [CP] Embed Pods Frameworks */ = {
			isa = PBXShellScriptBuildPhase;
			buildActionMask = 2147483647;
			files = (
			);
			inputPaths = (
				"${PODS_ROOT}/Target Support Files/Pods-BaiSi/Pods-BaiSi-frameworks.sh",
				"${BUILT_PRODUCTS_DIR}/Alamofire/Alamofire.framework",
				"${BUILT_PRODUCTS_DIR}/HandyJSON/HandyJSON.framework",
				"${BUILT_PRODUCTS_DIR}/Kingfisher/Kingfisher.framework",
				"${BUILT_PRODUCTS_DIR}/MBProgressHUD/MBProgressHUD.framework",
			);
			name = "[CP] Embed Pods Frameworks";
			outputPaths = (
				"${TARGET_BUILD_DIR}/${FRAMEWORKS_FOLDER_PATH}/Alamofire.framework",
				"${TARGET_BUILD_DIR}/${FRAMEWORKS_FOLDER_PATH}/HandyJSON.framework",
				"${TARGET_BUILD_DIR}/${FRAMEWORKS_FOLDER_PATH}/Kingfisher.framework",
				"${TARGET_BUILD_DIR}/${FRAMEWORKS_FOLDER_PATH}/MBProgressHUD.framework",
			);
			runOnlyForDeploymentPostprocessing = 0;
			shellPath = /bin/sh;
			shellScript = "\"${PODS_ROOT}/Target Support Files/Pods-BaiSi/Pods-BaiSi-frameworks.sh\"\n";
			showEnvVarsInLog = 0;
		};
		EC6CD78247365C41F47CC10F /* [CP] Check Pods Manifest.lock */ = {
			isa = PBXShellScriptBuildPhase;
			buildActionMask = 2147483647;
			files = (
			);
			inputPaths = (
				"${PODS_PODFILE_DIR_PATH}/Podfile.lock",
				"${PODS_ROOT}/Manifest.lock",
			);
			name = "[CP] Check Pods Manifest.lock";
			outputPaths = (
				"$(DERIVED_FILE_DIR)/Pods-BaiSi-checkManifestLockResult.txt",
			);
			runOnlyForDeploymentPostprocessing = 0;
			shellPath = /bin/sh;
			shellScript = "diff \"${PODS_PODFILE_DIR_PATH}/Podfile.lock\" \"${PODS_ROOT}/Manifest.lock\" > /dev/null\nif [ $? != 0 ] ; then\n    # print error to STDERR\n    echo \"error: The sandbox is not in sync with the Podfile.lock. Run 'pod install' or update your CocoaPods installation.\" >&2\n    exit 1\nfi\n# This output is used by Xcode 'outputs' to avoid re-running this script phase.\necho \"SUCCESS\" > \"${SCRIPT_OUTPUT_FILE_0}\"\n";
			showEnvVarsInLog = 0;
		};
/* End PBXShellScriptBuildPhase section */

/* Begin PBXSourcesBuildPhase section */
		29F9A0AE2253373300879E51 /* Sources */ = {
			isa = PBXSourcesBuildPhase;
			buildActionMask = 2147483647;
			files = (
				292F9C5C225CA3A900FAA800 /* BSHomeSubCell.swift in Sources */,
				290365DD22548B9C0087AE35 /* BSHomeSubController.swift in Sources */,
				292F9C5E225D9BFF00FAA800 /* BSHomeSubModel.swift in Sources */,
				29F9A0D522533BE700879E51 /* BSTabBarController.swift in Sources */,
				29F9A0E52253412000879E51 /* BSAttentionController.swift in Sources */,
				29F9A0E32253410300879E51 /* BSMineController.swift in Sources */,
				29F9A0ED2253564900879E51 /* BSPublicExtension.swift in Sources */,
				290365E32254A4440087AE35 /* BSNetworkTool.swift in Sources */,
				29F9A0E92253416300879E51 /* BSHomeController.swift in Sources */,
				292F9C59225C9C8F00FAA800 /* BSHomeSubViewModel.swift in Sources */,
				29F9A0F12253578D00879E51 /* BSPublishController.swift in Sources */,
				290365DF22548BD30087AE35 /* BSHomeContentView.swift in Sources */,
				29F9A0B62253373300879E51 /* AppDelegate.swift in Sources */,
				29F9A0F32253580800879E51 /* BSMainTabBar.swift in Sources */,
				29F9A0F5225446AC00879E51 /* BSHomeTitleView.swift in Sources */,
				290365E62254BC650087AE35 /* BSHomeViewModel.swift in Sources */,
				29F9A0EB225352DF00879E51 /* BSBaseController.swift in Sources */,
				29F9A0E72253414000879E51 /* BSCommunityController.swift in Sources */,
			);
			runOnlyForDeploymentPostprocessing = 0;
		};
/* End PBXSourcesBuildPhase section */

/* Begin PBXVariantGroup section */
		29F9A0BE2253373400879E51 /* LaunchScreen.storyboard */ = {
			isa = PBXVariantGroup;
			children = (
				29F9A0BF2253373400879E51 /* Base */,
			);
			name = LaunchScreen.storyboard;
			sourceTree = "<group>";
		};
/* End PBXVariantGroup section */

/* Begin XCBuildConfiguration section */
		29F9A0C22253373400879E51 /* Debug */ = {
			isa = XCBuildConfiguration;
			buildSettings = {
				ALWAYS_SEARCH_USER_PATHS = NO;
				CLANG_ANALYZER_NONNULL = YES;
				CLANG_ANALYZER_NUMBER_OBJECT_CONVERSION = YES_AGGRESSIVE;
				CLANG_CXX_LANGUAGE_STANDARD = "gnu++14";
				CLANG_CXX_LIBRARY = "libc++";
				CLANG_ENABLE_MODULES = YES;
				CLANG_ENABLE_OBJC_ARC = YES;
				CLANG_ENABLE_OBJC_WEAK = YES;
				CLANG_WARN_BLOCK_CAPTURE_AUTORELEASING = YES;
				CLANG_WARN_BOOL_CONVERSION = YES;
				CLANG_WARN_COMMA = YES;
				CLANG_WARN_CONSTANT_CONVERSION = YES;
				CLANG_WARN_DEPRECATED_OBJC_IMPLEMENTATIONS = YES;
				CLANG_WARN_DIRECT_OBJC_ISA_USAGE = YES_ERROR;
				CLANG_WARN_DOCUMENTATION_COMMENTS = YES;
				CLANG_WARN_EMPTY_BODY = YES;
				CLANG_WARN_ENUM_CONVERSION = YES;
				CLANG_WARN_INFINITE_RECURSION = YES;
				CLANG_WARN_INT_CONVERSION = YES;
				CLANG_WARN_NON_LITERAL_NULL_CONVERSION = YES;
				CLANG_WARN_OBJC_IMPLICIT_RETAIN_SELF = YES;
				CLANG_WARN_OBJC_LITERAL_CONVERSION = YES;
				CLANG_WARN_OBJC_ROOT_CLASS = YES_ERROR;
				CLANG_WARN_RANGE_LOOP_ANALYSIS = YES;
				CLANG_WARN_STRICT_PROTOTYPES = YES;
				CLANG_WARN_SUSPICIOUS_MOVE = YES;
				CLANG_WARN_UNGUARDED_AVAILABILITY = YES_AGGRESSIVE;
				CLANG_WARN_UNREACHABLE_CODE = YES;
				CLANG_WARN__DUPLICATE_METHOD_MATCH = YES;
				CODE_SIGN_IDENTITY = "iPhone Developer";
				COPY_PHASE_STRIP = NO;
				DEBUG_INFORMATION_FORMAT = dwarf;
				ENABLE_STRICT_OBJC_MSGSEND = YES;
				ENABLE_TESTABILITY = YES;
				GCC_C_LANGUAGE_STANDARD = gnu11;
				GCC_DYNAMIC_NO_PIC = NO;
				GCC_NO_COMMON_BLOCKS = YES;
				GCC_OPTIMIZATION_LEVEL = 0;
				GCC_PREPROCESSOR_DEFINITIONS = (
					"DEBUG=1",
					"$(inherited)",
				);
				GCC_WARN_64_TO_32_BIT_CONVERSION = YES;
				GCC_WARN_ABOUT_RETURN_TYPE = YES_ERROR;
				GCC_WARN_UNDECLARED_SELECTOR = YES;
				GCC_WARN_UNINITIALIZED_AUTOS = YES_AGGRESSIVE;
				GCC_WARN_UNUSED_FUNCTION = YES;
				GCC_WARN_UNUSED_VARIABLE = YES;
				IPHONEOS_DEPLOYMENT_TARGET = 9.0;
				MTL_ENABLE_DEBUG_INFO = INCLUDE_SOURCE;
				MTL_FAST_MATH = YES;
				ONLY_ACTIVE_ARCH = YES;
				SDKROOT = iphoneos;
				SWIFT_ACTIVE_COMPILATION_CONDITIONS = DEBUG;
				SWIFT_OPTIMIZATION_LEVEL = "-Onone";
			};
			name = Debug;
		};
		29F9A0C32253373400879E51 /* Release */ = {
			isa = XCBuildConfiguration;
			buildSettings = {
				ALWAYS_SEARCH_USER_PATHS = NO;
				CLANG_ANALYZER_NONNULL = YES;
				CLANG_ANALYZER_NUMBER_OBJECT_CONVERSION = YES_AGGRESSIVE;
				CLANG_CXX_LANGUAGE_STANDARD = "gnu++14";
				CLANG_CXX_LIBRARY = "libc++";
				CLANG_ENABLE_MODULES = YES;
				CLANG_ENABLE_OBJC_ARC = YES;
				CLANG_ENABLE_OBJC_WEAK = YES;
				CLANG_WARN_BLOCK_CAPTURE_AUTORELEASING = YES;
				CLANG_WARN_BOOL_CONVERSION = YES;
				CLANG_WARN_COMMA = YES;
				CLANG_WARN_CONSTANT_CONVERSION = YES;
				CLANG_WARN_DEPRECATED_OBJC_IMPLEMENTATIONS = YES;
				CLANG_WARN_DIRECT_OBJC_ISA_USAGE = YES_ERROR;
				CLANG_WARN_DOCUMENTATION_COMMENTS = YES;
				CLANG_WARN_EMPTY_BODY = YES;
				CLANG_WARN_ENUM_CONVERSION = YES;
				CLANG_WARN_INFINITE_RECURSION = YES;
				CLANG_WARN_INT_CONVERSION = YES;
				CLANG_WARN_NON_LITERAL_NULL_CONVERSION = YES;
				CLANG_WARN_OBJC_IMPLICIT_RETAIN_SELF = YES;
				CLANG_WARN_OBJC_LITERAL_CONVERSION = YES;
				CLANG_WARN_OBJC_ROOT_CLASS = YES_ERROR;
				CLANG_WARN_RANGE_LOOP_ANALYSIS = YES;
				CLANG_WARN_STRICT_PROTOTYPES = YES;
				CLANG_WARN_SUSPICIOUS_MOVE = YES;
				CLANG_WARN_UNGUARDED_AVAILABILITY = YES_AGGRESSIVE;
				CLANG_WARN_UNREACHABLE_CODE = YES;
				CLANG_WARN__DUPLICATE_METHOD_MATCH = YES;
				CODE_SIGN_IDENTITY = "iPhone Developer";
				COPY_PHASE_STRIP = NO;
				DEBUG_INFORMATION_FORMAT = "dwarf-with-dsym";
				ENABLE_NS_ASSERTIONS = NO;
				ENABLE_STRICT_OBJC_MSGSEND = YES;
				GCC_C_LANGUAGE_STANDARD = gnu11;
				GCC_NO_COMMON_BLOCKS = YES;
				GCC_WARN_64_TO_32_BIT_CONVERSION = YES;
				GCC_WARN_ABOUT_RETURN_TYPE = YES_ERROR;
				GCC_WARN_UNDECLARED_SELECTOR = YES;
				GCC_WARN_UNINITIALIZED_AUTOS = YES_AGGRESSIVE;
				GCC_WARN_UNUSED_FUNCTION = YES;
				GCC_WARN_UNUSED_VARIABLE = YES;
				IPHONEOS_DEPLOYMENT_TARGET = 9.0;
				MTL_ENABLE_DEBUG_INFO = NO;
				MTL_FAST_MATH = YES;
				SDKROOT = iphoneos;
				SWIFT_COMPILATION_MODE = wholemodule;
				SWIFT_OPTIMIZATION_LEVEL = "-O";
				VALIDATE_PRODUCT = YES;
			};
			name = Release;
		};
		29F9A0C52253373400879E51 /* Debug */ = {
			isa = XCBuildConfiguration;
			baseConfigurationReference = 303F52AA7B0D7CB82041C7B5 /* Pods-BaiSi.debug.xcconfig */;
			buildSettings = {
				ASSETCATALOG_COMPILER_APPICON_NAME = AppIcon;
				CODE_SIGN_STYLE = Automatic;
				DEVELOPMENT_TEAM = L4WZ2K3PC4;
				INFOPLIST_FILE = BaiSi/Info.plist;
				LD_RUNPATH_SEARCH_PATHS = (
					"$(inherited)",
					"@executable_path/Frameworks",
				);
				PRODUCT_BUNDLE_IDENTIFIER = cn.wzh.BaiSi;
				PRODUCT_NAME = "$(TARGET_NAME)";
				SWIFT_VERSION = 5.0;
				TARGETED_DEVICE_FAMILY = 1;
			};
			name = Debug;
		};
		29F9A0C62253373400879E51 /* Release */ = {
			isa = XCBuildConfiguration;
			baseConfigurationReference = 9335DD779F3DEC0236A62944 /* Pods-BaiSi.release.xcconfig */;
			buildSettings = {
				ASSETCATALOG_COMPILER_APPICON_NAME = AppIcon;
				CODE_SIGN_STYLE = Automatic;
				DEVELOPMENT_TEAM = L4WZ2K3PC4;
				INFOPLIST_FILE = BaiSi/Info.plist;
				LD_RUNPATH_SEARCH_PATHS = (
					"$(inherited)",
					"@executable_path/Frameworks",
				);
				PRODUCT_BUNDLE_IDENTIFIER = cn.wzh.BaiSi;
				PRODUCT_NAME = "$(TARGET_NAME)";
				SWIFT_VERSION = 5.0;
				TARGETED_DEVICE_FAMILY = 1;
			};
			name = Release;
		};
/* End XCBuildConfiguration section */

/* Begin XCConfigurationList section */
		29F9A0AD2253373300879E51 /* Build configuration list for PBXProject "BaiSi" */ = {
			isa = XCConfigurationList;
			buildConfigurations = (
				29F9A0C22253373400879E51 /* Debug */,
				29F9A0C32253373400879E51 /* Release */,
			);
			defaultConfigurationIsVisible = 0;
			defaultConfigurationName = Release;
		};
		29F9A0C42253373400879E51 /* Build configuration list for PBXNativeTarget "BaiSi" */ = {
			isa = XCConfigurationList;
			buildConfigurations = (
				29F9A0C52253373400879E51 /* Debug */,
				29F9A0C62253373400879E51 /* Release */,
			);
			defaultConfigurationIsVisible = 0;
			defaultConfigurationName = Release;
		};
/* End XCConfigurationList section */
	};
	rootObject = 29F9A0AA2253373300879E51 /* Project object */;
}
